// !$*UTF8*$!
{
	archiveVersion = 1;
	classes = {
	};
	objectVersion = 50;
	objects = {

/* Begin PBXBuildFile section */
		9252F60A225343F0009F4CE9 /* QHSohuGifSort.plist in Resources */ = {isa = PBXBuildFile; fileRef = 9252F608225343F0009F4CE9 /* QHSohuGifSort.plist */; };
		9252F60B225343F0009F4CE9 /* QHNormalEmotionSort.plist in Resources */ = {isa = PBXBuildFile; fileRef = 9252F609225343F0009F4CE9 /* QHNormalEmotionSort.plist */; };
		9252F60D22534479009F4CE9 /* LQPageCollectionView.swift in Sources */ = {isa = PBXBuildFile; fileRef = 9252F60C22534479009F4CE9 /* LQPageCollectionView.swift */; };
		9252F60F2253449E009F4CE9 /* LQPageCollectionViewLayout.swift in Sources */ = {isa = PBXBuildFile; fileRef = 9252F60E2253449E009F4CE9 /* LQPageCollectionViewLayout.swift */; };
		9252F615225346BD009F4CE9 /* EmoticonViewCell.xib in Resources */ = {isa = PBXBuildFile; fileRef = 9252F611225346BD009F4CE9 /* EmoticonViewCell.xib */; };
		9252F616225346BD009F4CE9 /* EmoticonViewCell.swift in Sources */ = {isa = PBXBuildFile; fileRef = 9252F612225346BD009F4CE9 /* EmoticonViewCell.swift */; };
		9252F617225346BD009F4CE9 /* ChatToolsView.xib in Resources */ = {isa = PBXBuildFile; fileRef = 9252F613225346BD009F4CE9 /* ChatToolsView.xib */; };
		9252F618225346BD009F4CE9 /* ChatToolsView.swift in Sources */ = {isa = PBXBuildFile; fileRef = 9252F614225346BD009F4CE9 /* ChatToolsView.swift */; };
		9252F61A225346FF009F4CE9 /* Emoticon.swift in Sources */ = {isa = PBXBuildFile; fileRef = 9252F619225346FF009F4CE9 /* Emoticon.swift */; };
		9252F61C225347D0009F4CE9 /* EmoticonView.swift in Sources */ = {isa = PBXBuildFile; fileRef = 9252F61B225347D0009F4CE9 /* EmoticonView.swift */; };
		9252F61E225348CA009F4CE9 /* EmoticonPackage.swift in Sources */ = {isa = PBXBuildFile; fileRef = 9252F61D225348CA009F4CE9 /* EmoticonPackage.swift */; };
		9252F62122534913009F4CE9 /* EmoticonViewModel.swift in Sources */ = {isa = PBXBuildFile; fileRef = 9252F62022534913009F4CE9 /* EmoticonViewModel.swift */; };
		92CBB388224F459C00A46D2D /* AppDelegate.swift in Sources */ = {isa = PBXBuildFile; fileRef = 92CBB387224F459C00A46D2D /* AppDelegate.swift */; };
		92CBB38D224F459D00A46D2D /* Main.storyboard in Resources */ = {isa = PBXBuildFile; fileRef = 92CBB38B224F459D00A46D2D /* Main.storyboard */; };
		92CBB392224F459E00A46D2D /* Assets.xcassets in Resources */ = {isa = PBXBuildFile; fileRef = 92CBB391224F459E00A46D2D /* Assets.xcassets */; };
		92CBB395224F459E00A46D2D /* LaunchScreen.storyboard in Resources */ = {isa = PBXBuildFile; fileRef = 92CBB393224F459E00A46D2D /* LaunchScreen.storyboard */; };
		92CBB3A0224F459E00A46D2D /* LQVideoTests.swift in Sources */ = {isa = PBXBuildFile; fileRef = 92CBB39F224F459E00A46D2D /* LQVideoTests.swift */; };
		92CBB3AB224F459E00A46D2D /* LQVideoUITests.swift in Sources */ = {isa = PBXBuildFile; fileRef = 92CBB3AA224F459E00A46D2D /* LQVideoUITests.swift */; };
		92CBB3C0224F47A800A46D2D /* MainViewController.swift in Sources */ = {isa = PBXBuildFile; fileRef = 92CBB3BF224F47A800A46D2D /* MainViewController.swift */; };
		92CBB3C2224F47D700A46D2D /* LQNavigationController.swift in Sources */ = {isa = PBXBuildFile; fileRef = 92CBB3C1224F47D700A46D2D /* LQNavigationController.swift */; };
		92CBB3C4224F47FD00A46D2D /* Home.storyboard in Resources */ = {isa = PBXBuildFile; fileRef = 92CBB3C3224F47FD00A46D2D /* Home.storyboard */; };
		92CBB3C6224F48C100A46D2D /* Rank.storyboard in Resources */ = {isa = PBXBuildFile; fileRef = 92CBB3C5224F48C100A46D2D /* Rank.storyboard */; };
		92CBB3C8224F48D600A46D2D /* Discover.storyboard in Resources */ = {isa = PBXBuildFile; fileRef = 92CBB3C7224F48D600A46D2D /* Discover.storyboard */; };
		92CBB3CA224F48EC00A46D2D /* Profile.storyboard in Resources */ = {isa = PBXBuildFile; fileRef = 92CBB3C9224F48EC00A46D2D /* Profile.storyboard */; };
		92CBB3CC224F495B00A46D2D /* HomeViewController.swift in Sources */ = {isa = PBXBuildFile; fileRef = 92CBB3CB224F495B00A46D2D /* HomeViewController.swift */; };
		92CBB3D1224F58E100A46D2D /* UIColor-Extension.swift in Sources */ = {isa = PBXBuildFile; fileRef = 92CBB3D0224F58E100A46D2D /* UIColor-Extension.swift */; };
		92CBB3D5225090C300A46D2D /* types.plist in Resources */ = {isa = PBXBuildFile; fileRef = 92CBB3D4225090C300A46D2D /* types.plist */; };
		92CBB3DA225092FA00A46D2D /* LQTitleStyle.swift in Sources */ = {isa = PBXBuildFile; fileRef = 92CBB3D9225092FA00A46D2D /* LQTitleStyle.swift */; };
		92CBB3DC2250932700A46D2D /* LQTitleView.swift in Sources */ = {isa = PBXBuildFile; fileRef = 92CBB3DB2250932700A46D2D /* LQTitleView.swift */; };
		92CBB3DE2250944A00A46D2D /* LQContentView.swift in Sources */ = {isa = PBXBuildFile; fileRef = 92CBB3DD2250944A00A46D2D /* LQContentView.swift */; };
		92CBB3E02250953800A46D2D /* LQPageView.swift in Sources */ = {isa = PBXBuildFile; fileRef = 92CBB3DF2250953800A46D2D /* LQPageView.swift */; };
		92CBB3E3225095DF00A46D2D /* Const.swift in Sources */ = {isa = PBXBuildFile; fileRef = 92CBB3E2225095DF00A46D2D /* Const.swift */; };
		92CBB3E52250962000A46D2D /* NSDate-Extension.swift in Sources */ = {isa = PBXBuildFile; fileRef = 92CBB3E42250962000A46D2D /* NSDate-Extension.swift */; };
		92CBB3F1225096AF00A46D2D /* HomeViewModel.swift in Sources */ = {isa = PBXBuildFile; fileRef = 92CBB3E9225096AF00A46D2D /* HomeViewModel.swift */; };
		92CBB3F2225096AF00A46D2D /* WaterfallLayout.swift in Sources */ = {isa = PBXBuildFile; fileRef = 92CBB3EA225096AF00A46D2D /* WaterfallLayout.swift */; };
		92CBB3F3225096AF00A46D2D /* HomeViewCell.swift in Sources */ = {isa = PBXBuildFile; fileRef = 92CBB3EC225096AF00A46D2D /* HomeViewCell.swift */; };
		92CBB3F4225096AF00A46D2D /* HomeViewCell.xib in Resources */ = {isa = PBXBuildFile; fileRef = 92CBB3ED225096AF00A46D2D /* HomeViewCell.xib */; };
		92CBB3F5225096AF00A46D2D /* HomeType.swift in Sources */ = {isa = PBXBuildFile; fileRef = 92CBB3EF225096AF00A46D2D /* HomeType.swift */; };
		92CBB3F6225096AF00A46D2D /* AnchorModel.swift in Sources */ = {isa = PBXBuildFile; fileRef = 92CBB3F0225096AF00A46D2D /* AnchorModel.swift */; };
		92CBB3FD225096FD00A46D2D /* BaseModel.swift in Sources */ = {isa = PBXBuildFile; fileRef = 92CBB3FB225096FD00A46D2D /* BaseModel.swift */; };
		92CBB4002250973100A46D2D /* KingfisherExtension.swift in Sources */ = {isa = PBXBuildFile; fileRef = 92CBB3FF2250973100A46D2D /* KingfisherExtension.swift */; };
		92CBB402225097A000A46D2D /* NetworkTools.swift in Sources */ = {isa = PBXBuildFile; fileRef = 92CBB401225097A000A46D2D /* NetworkTools.swift */; };
		92CBB40422509CC900A46D2D /* AnchorViewController.swift in Sources */ = {isa = PBXBuildFile; fileRef = 92CBB40322509CC900A46D2D /* AnchorViewController.swift */; };
		92CBB40B2250A5A600A46D2D /* RoomViewController.swift in Sources */ = {isa = PBXBuildFile; fileRef = 92CBB4072250A5A600A46D2D /* RoomViewController.swift */; };
		92CBB40C2250A5A600A46D2D /* RoomViewController.xib in Resources */ = {isa = PBXBuildFile; fileRef = 92CBB4082250A5A600A46D2D /* RoomViewController.xib */; };
		92CBB4102250ADD500A46D2D /* NibLoadable.swift in Sources */ = {isa = PBXBuildFile; fileRef = 92CBB40E2250ADD500A46D2D /* NibLoadable.swift */; };
		92CBB4112250ADD500A46D2D /* Emitterable.swift in Sources */ = {isa = PBXBuildFile; fileRef = 92CBB40F2250ADD500A46D2D /* Emitterable.swift */; };
		B737784CE2DC64BB5265B9F5 /* Pods_LQVideoUITests.framework in Frameworks */ = {isa = PBXBuildFile; fileRef = 429674250630879549AEBC5D /* Pods_LQVideoUITests.framework */; };
		BE91CF0D7839B697A54A842D /* Pods_LQVideoTests.framework in Frameworks */ = {isa = PBXBuildFile; fileRef = 0DAAFB67544213989AF9D8BD /* Pods_LQVideoTests.framework */; };
		C2201285EEF257D16E80F586 /* Pods_LQVideo.framework in Frameworks */ = {isa = PBXBuildFile; fileRef = E8765BDE8AA9619261B9C152 /* Pods_LQVideo.framework */; };
/* End PBXBuildFile section */

/* Begin PBXContainerItemProxy section */
		92CBB39C224F459E00A46D2D /* PBXContainerItemProxy */ = {
			isa = PBXContainerItemProxy;
			containerPortal = 92CBB37C224F459C00A46D2D /* Project object */;
			proxyType = 1;
			remoteGlobalIDString = 92CBB383224F459C00A46D2D;
			remoteInfo = LQVideo;
		};
		92CBB3A7224F459E00A46D2D /* PBXContainerItemProxy */ = {
			isa = PBXContainerItemProxy;
			containerPortal = 92CBB37C224F459C00A46D2D /* Project object */;
			proxyType = 1;
			remoteGlobalIDString = 92CBB383224F459C00A46D2D;
			remoteInfo = LQVideo;
		};
/* End PBXContainerItemProxy section */

/* Begin PBXFileReference section */
		0339AD5B6E212DFDAF38597E /* Pods-LQVideoTests.release.xcconfig */ = {isa = PBXFileReference; includeInIndex = 1; lastKnownFileType = text.xcconfig; name = "Pods-LQVideoTests.release.xcconfig"; path = "Target Support Files/Pods-LQVideoTests/Pods-LQVideoTests.release.xcconfig"; sourceTree = "<group>"; };
		0DAAFB67544213989AF9D8BD /* Pods_LQVideoTests.framework */ = {isa = PBXFileReference; explicitFileType = wrapper.framework; includeInIndex = 0; path = Pods_LQVideoTests.framework; sourceTree = BUILT_PRODUCTS_DIR; };
		429674250630879549AEBC5D /* Pods_LQVideoUITests.framework */ = {isa = PBXFileReference; explicitFileType = wrapper.framework; includeInIndex = 0; path = Pods_LQVideoUITests.framework; sourceTree = BUILT_PRODUCTS_DIR; };
		8C33C6A7883B90546B1631E6 /* Pods-LQVideoTests.debug.xcconfig */ = {isa = PBXFileReference; includeInIndex = 1; lastKnownFileType = text.xcconfig; name = "Pods-LQVideoTests.debug.xcconfig"; path = "Target Support Files/Pods-LQVideoTests/Pods-LQVideoTests.debug.xcconfig"; sourceTree = "<group>"; };
		8C9F1F1700E768A93796D910 /* Pods-LQVideoUITests.debug.xcconfig */ = {isa = PBXFileReference; includeInIndex = 1; lastKnownFileType = text.xcconfig; name = "Pods-LQVideoUITests.debug.xcconfig"; path = "Target Support Files/Pods-LQVideoUITests/Pods-LQVideoUITests.debug.xcconfig"; sourceTree = "<group>"; };
		9252F608225343F0009F4CE9 /* QHSohuGifSort.plist */ = {isa = PBXFileReference; lastKnownFileType = file.bplist; path = QHSohuGifSort.plist; sourceTree = "<group>"; };
		9252F609225343F0009F4CE9 /* QHNormalEmotionSort.plist */ = {isa = PBXFileReference; lastKnownFileType = file.bplist; path = QHNormalEmotionSort.plist; sourceTree = "<group>"; };
		9252F60C22534479009F4CE9 /* LQPageCollectionView.swift */ = {isa = PBXFileReference; lastKnownFileType = sourcecode.swift; path = LQPageCollectionView.swift; sourceTree = "<group>"; };
		9252F60E2253449E009F4CE9 /* LQPageCollectionViewLayout.swift */ = {isa = PBXFileReference; lastKnownFileType = sourcecode.swift; path = LQPageCollectionViewLayout.swift; sourceTree = "<group>"; };
		9252F611225346BD009F4CE9 /* EmoticonViewCell.xib */ = {isa = PBXFileReference; fileEncoding = 4; lastKnownFileType = file.xib; path = EmoticonViewCell.xib; sourceTree = "<group>"; };
		9252F612225346BD009F4CE9 /* EmoticonViewCell.swift */ = {isa = PBXFileReference; fileEncoding = 4; lastKnownFileType = sourcecode.swift; path = EmoticonViewCell.swift; sourceTree = "<group>"; };
		9252F613225346BD009F4CE9 /* ChatToolsView.xib */ = {isa = PBXFileReference; fileEncoding = 4; lastKnownFileType = file.xib; path = ChatToolsView.xib; sourceTree = "<group>"; };
		9252F614225346BD009F4CE9 /* ChatToolsView.swift */ = {isa = PBXFileReference; fileEncoding = 4; lastKnownFileType = sourcecode.swift; path = ChatToolsView.swift; sourceTree = "<group>"; };
		9252F619225346FF009F4CE9 /* Emoticon.swift */ = {isa = PBXFileReference; lastKnownFileType = sourcecode.swift; name = Emoticon.swift; path = LQVideo/Classes/Live/View/ChatView/Emoticon.swift; sourceTree = SOURCE_ROOT; };
		9252F61B225347D0009F4CE9 /* EmoticonView.swift */ = {isa = PBXFileReference; lastKnownFileType = sourcecode.swift; path = EmoticonView.swift; sourceTree = "<group>"; };
		9252F61D225348CA009F4CE9 /* EmoticonPackage.swift */ = {isa = PBXFileReference; lastKnownFileType = sourcecode.swift; name = EmoticonPackage.swift; path = LQVideo/Classes/Live/View/ChatView/EmoticonPackage.swift; sourceTree = SOURCE_ROOT; };
		9252F62022534913009F4CE9 /* EmoticonViewModel.swift */ = {isa = PBXFileReference; lastKnownFileType = sourcecode.swift; path = EmoticonViewModel.swift; sourceTree = "<group>"; };
		92CBB384224F459C00A46D2D /* LQVideo.app */ = {isa = PBXFileReference; explicitFileType = wrapper.application; includeInIndex = 0; path = LQVideo.app; sourceTree = BUILT_PRODUCTS_DIR; };
		92CBB387224F459C00A46D2D /* AppDelegate.swift */ = {isa = PBXFileReference; lastKnownFileType = sourcecode.swift; path = AppDelegate.swift; sourceTree = "<group>"; };
		92CBB38C224F459D00A46D2D /* Base */ = {isa = PBXFileReference; lastKnownFileType = file.storyboard; name = Base; path = Base.lproj/Main.storyboard; sourceTree = "<group>"; };
		92CBB391224F459E00A46D2D /* Assets.xcassets */ = {isa = PBXFileReference; lastKnownFileType = folder.assetcatalog; path = Assets.xcassets; sourceTree = "<group>"; };
		92CBB394224F459E00A46D2D /* Base */ = {isa = PBXFileReference; lastKnownFileType = file.storyboard; name = Base; path = Base.lproj/LaunchScreen.storyboard; sourceTree = "<group>"; };
		92CBB396224F459E00A46D2D /* Info.plist */ = {isa = PBXFileReference; lastKnownFileType = text.plist.xml; path = Info.plist; sourceTree = "<group>"; };
		92CBB39B224F459E00A46D2D /* LQVideoTests.xctest */ = {isa = PBXFileReference; explicitFileType = wrapper.cfbundle; includeInIndex = 0; path = LQVideoTests.xctest; sourceTree = BUILT_PRODUCTS_DIR; };
		92CBB39F224F459E00A46D2D /* LQVideoTests.swift */ = {isa = PBXFileReference; lastKnownFileType = sourcecode.swift; path = LQVideoTests.swift; sourceTree = "<group>"; };
		92CBB3A1224F459E00A46D2D /* Info.plist */ = {isa = PBXFileReference; lastKnownFileType = text.plist.xml; path = Info.plist; sourceTree = "<group>"; };
		92CBB3A6224F459E00A46D2D /* LQVideoUITests.xctest */ = {isa = PBXFileReference; explicitFileType = wrapper.cfbundle; includeInIndex = 0; path = LQVideoUITests.xctest; sourceTree = BUILT_PRODUCTS_DIR; };
		92CBB3AA224F459E00A46D2D /* LQVideoUITests.swift */ = {isa = PBXFileReference; lastKnownFileType = sourcecode.swift; path = LQVideoUITests.swift; sourceTree = "<group>"; };
		92CBB3AC224F459E00A46D2D /* Info.plist */ = {isa = PBXFileReference; lastKnownFileType = text.plist.xml; path = Info.plist; sourceTree = "<group>"; };
		92CBB3BF224F47A800A46D2D /* MainViewController.swift */ = {isa = PBXFileReference; lastKnownFileType = sourcecode.swift; path = MainViewController.swift; sourceTree = "<group>"; };
		92CBB3C1224F47D700A46D2D /* LQNavigationController.swift */ = {isa = PBXFileReference; lastKnownFileType = sourcecode.swift; path = LQNavigationController.swift; sourceTree = "<group>"; };
		92CBB3C3224F47FD00A46D2D /* Home.storyboard */ = {isa = PBXFileReference; lastKnownFileType = file.storyboard; path = Home.storyboard; sourceTree = "<group>"; };
		92CBB3C5224F48C100A46D2D /* Rank.storyboard */ = {isa = PBXFileReference; lastKnownFileType = file.storyboard; path = Rank.storyboard; sourceTree = "<group>"; };
		92CBB3C7224F48D600A46D2D /* Discover.storyboard */ = {isa = PBXFileReference; lastKnownFileType = file.storyboard; path = Discover.storyboard; sourceTree = "<group>"; };
		92CBB3C9224F48EC00A46D2D /* Profile.storyboard */ = {isa = PBXFileReference; lastKnownFileType = file.storyboard; path = Profile.storyboard; sourceTree = "<group>"; };
		92CBB3CB224F495B00A46D2D /* HomeViewController.swift */ = {isa = PBXFileReference; lastKnownFileType = sourcecode.swift; path = HomeViewController.swift; sourceTree = "<group>"; };
		92CBB3D0224F58E100A46D2D /* UIColor-Extension.swift */ = {isa = PBXFileReference; lastKnownFileType = sourcecode.swift; path = "UIColor-Extension.swift"; sourceTree = "<group>"; };
		92CBB3D4225090C300A46D2D /* types.plist */ = {isa = PBXFileReference; fileEncoding = 4; lastKnownFileType = text.plist.xml; path = types.plist; sourceTree = "<group>"; };
		92CBB3D9225092FA00A46D2D /* LQTitleStyle.swift */ = {isa = PBXFileReference; lastKnownFileType = sourcecode.swift; path = LQTitleStyle.swift; sourceTree = "<group>"; };
		92CBB3DB2250932700A46D2D /* LQTitleView.swift */ = {isa = PBXFileReference; lastKnownFileType = sourcecode.swift; path = LQTitleView.swift; sourceTree = "<group>"; };
		92CBB3DD2250944A00A46D2D /* LQContentView.swift */ = {isa = PBXFileReference; lastKnownFileType = sourcecode.swift; path = LQContentView.swift; sourceTree = "<group>"; };
		92CBB3DF2250953800A46D2D /* LQPageView.swift */ = {isa = PBXFileReference; lastKnownFileType = sourcecode.swift; path = LQPageView.swift; sourceTree = "<group>"; };
		92CBB3E2225095DF00A46D2D /* Const.swift */ = {isa = PBXFileReference; fileEncoding = 4; lastKnownFileType = sourcecode.swift; path = Const.swift; sourceTree = "<group>"; };
		92CBB3E42250962000A46D2D /* NSDate-Extension.swift */ = {isa = PBXFileReference; fileEncoding = 4; lastKnownFileType = sourcecode.swift; path = "NSDate-Extension.swift"; sourceTree = "<group>"; };
		92CBB3E9225096AF00A46D2D /* HomeViewModel.swift */ = {isa = PBXFileReference; fileEncoding = 4; lastKnownFileType = sourcecode.swift; path = HomeViewModel.swift; sourceTree = "<group>"; };
		92CBB3EA225096AF00A46D2D /* WaterfallLayout.swift */ = {isa = PBXFileReference; fileEncoding = 4; lastKnownFileType = sourcecode.swift; path = WaterfallLayout.swift; sourceTree = "<group>"; };
		92CBB3EC225096AF00A46D2D /* HomeViewCell.swift */ = {isa = PBXFileReference; fileEncoding = 4; lastKnownFileType = sourcecode.swift; path = HomeViewCell.swift; sourceTree = "<group>"; };
		92CBB3ED225096AF00A46D2D /* HomeViewCell.xib */ = {isa = PBXFileReference; fileEncoding = 4; lastKnownFileType = file.xib; path = HomeViewCell.xib; sourceTree = "<group>"; };
		92CBB3EF225096AF00A46D2D /* HomeType.swift */ = {isa = PBXFileReference; fileEncoding = 4; lastKnownFileType = sourcecode.swift; path = HomeType.swift; sourceTree = "<group>"; };
		92CBB3F0225096AF00A46D2D /* AnchorModel.swift */ = {isa = PBXFileReference; fileEncoding = 4; lastKnownFileType = sourcecode.swift; path = AnchorModel.swift; sourceTree = "<group>"; };
		92CBB3FB225096FD00A46D2D /* BaseModel.swift */ = {isa = PBXFileReference; fileEncoding = 4; lastKnownFileType = sourcecode.swift; path = BaseModel.swift; sourceTree = "<group>"; };
		92CBB3FF2250973100A46D2D /* KingfisherExtension.swift */ = {isa = PBXFileReference; lastKnownFileType = sourcecode.swift; path = KingfisherExtension.swift; sourceTree = "<group>"; };
		92CBB401225097A000A46D2D /* NetworkTools.swift */ = {isa = PBXFileReference; lastKnownFileType = sourcecode.swift; path = NetworkTools.swift; sourceTree = "<group>"; };
		92CBB40322509CC900A46D2D /* AnchorViewController.swift */ = {isa = PBXFileReference; lastKnownFileType = sourcecode.swift; path = AnchorViewController.swift; sourceTree = "<group>"; };
		92CBB4072250A5A600A46D2D /* RoomViewController.swift */ = {isa = PBXFileReference; fileEncoding = 4; lastKnownFileType = sourcecode.swift; path = RoomViewController.swift; sourceTree = "<group>"; };
		92CBB4082250A5A600A46D2D /* RoomViewController.xib */ = {isa = PBXFileReference; fileEncoding = 4; lastKnownFileType = file.xib; path = RoomViewController.xib; sourceTree = "<group>"; };
		92CBB40E2250ADD500A46D2D /* NibLoadable.swift */ = {isa = PBXFileReference; fileEncoding = 4; lastKnownFileType = sourcecode.swift; path = NibLoadable.swift; sourceTree = "<group>"; };
		92CBB40F2250ADD500A46D2D /* Emitterable.swift */ = {isa = PBXFileReference; fileEncoding = 4; lastKnownFileType = sourcecode.swift; path = Emitterable.swift; sourceTree = "<group>"; };
		A6C7918183F55F57F99D097D /* Pods-LQVideo.release.xcconfig */ = {isa = PBXFileReference; includeInIndex = 1; lastKnownFileType = text.xcconfig; name = "Pods-LQVideo.release.xcconfig"; path = "Target Support Files/Pods-LQVideo/Pods-LQVideo.release.xcconfig"; sourceTree = "<group>"; };
		AA4CA09F8CACBB9EBF12FAD5 /* Pods-LQVideo.debug.xcconfig */ = {isa = PBXFileReference; includeInIndex = 1; lastKnownFileType = text.xcconfig; name = "Pods-LQVideo.debug.xcconfig"; path = "Target Support Files/Pods-LQVideo/Pods-LQVideo.debug.xcconfig"; sourceTree = "<group>"; };
		DA7D8FC7BCDF1DACC7616921 /* Pods-LQVideoUITests.release.xcconfig */ = {isa = PBXFileReference; includeInIndex = 1; lastKnownFileType = text.xcconfig; name = "Pods-LQVideoUITests.release.xcconfig"; path = "Target Support Files/Pods-LQVideoUITests/Pods-LQVideoUITests.release.xcconfig"; sourceTree = "<group>"; };
		E8765BDE8AA9619261B9C152 /* Pods_LQVideo.framework */ = {isa = PBXFileReference; explicitFileType = wrapper.framework; includeInIndex = 0; path = Pods_LQVideo.framework; sourceTree = BUILT_PRODUCTS_DIR; };
/* End PBXFileReference section */

/* Begin PBXFrameworksBuildPhase section */
		92CBB381224F459C00A46D2D /* Frameworks */ = {
			isa = PBXFrameworksBuildPhase;
			buildActionMask = 2147483647;
			files = (
				C2201285EEF257D16E80F586 /* Pods_LQVideo.framework in Frameworks */,
			);
			runOnlyForDeploymentPostprocessing = 0;
		};
		92CBB398224F459E00A46D2D /* Frameworks */ = {
			isa = PBXFrameworksBuildPhase;
			buildActionMask = 2147483647;
			files = (
				BE91CF0D7839B697A54A842D /* Pods_LQVideoTests.framework in Frameworks */,
			);
			runOnlyForDeploymentPostprocessing = 0;
		};
		92CBB3A3224F459E00A46D2D /* Frameworks */ = {
			isa = PBXFrameworksBuildPhase;
			buildActionMask = 2147483647;
			files = (
				B737784CE2DC64BB5265B9F5 /* Pods_LQVideoUITests.framework in Frameworks */,
			);
			runOnlyForDeploymentPostprocessing = 0;
		};
/* End PBXFrameworksBuildPhase section */

/* Begin PBXGroup section */
		550912460116521DF86151CD /* Frameworks */ = {
			isa = PBXGroup;
			children = (
				E8765BDE8AA9619261B9C152 /* Pods_LQVideo.framework */,
				0DAAFB67544213989AF9D8BD /* Pods_LQVideoTests.framework */,
				429674250630879549AEBC5D /* Pods_LQVideoUITests.framework */,
			);
			name = Frameworks;
			sourceTree = "<group>";
		};
		9252F6102253468E009F4CE9 /* ChatView */ = {
			isa = PBXGroup;
			children = (
				9252F614225346BD009F4CE9 /* ChatToolsView.swift */,
				9252F613225346BD009F4CE9 /* ChatToolsView.xib */,
				9252F612225346BD009F4CE9 /* EmoticonViewCell.swift */,
				9252F611225346BD009F4CE9 /* EmoticonViewCell.xib */,
				9252F61B225347D0009F4CE9 /* EmoticonView.swift */,
			);
			path = ChatView;
			sourceTree = "<group>";
		};
		9252F61F22534903009F4CE9 /* ViewModel */ = {
			isa = PBXGroup;
			children = (
				9252F62022534913009F4CE9 /* EmoticonViewModel.swift */,
			);
			path = ViewModel;
			sourceTree = "<group>";
		};
		92CBB37B224F459C00A46D2D = {
			isa = PBXGroup;
			children = (
				92CBB386224F459C00A46D2D /* LQVideo */,
				92CBB39E224F459E00A46D2D /* LQVideoTests */,
				92CBB3A9224F459E00A46D2D /* LQVideoUITests */,
				92CBB385224F459C00A46D2D /* Products */,
				98B7F4348AA278A1002908BF /* Pods */,
				550912460116521DF86151CD /* Frameworks */,
			);
			sourceTree = "<group>";
		};
		92CBB385224F459C00A46D2D /* Products */ = {
			isa = PBXGroup;
			children = (
				92CBB384224F459C00A46D2D /* LQVideo.app */,
				92CBB39B224F459E00A46D2D /* LQVideoTests.xctest */,
				92CBB3A6224F459E00A46D2D /* LQVideoUITests.xctest */,
			);
			name = Products;
			sourceTree = "<group>";
		};
		92CBB386224F459C00A46D2D /* LQVideo */ = {
			isa = PBXGroup;
			children = (
				92CBB3D3225090C300A46D2D /* Resource */,
				92CBB3B8224F471D00A46D2D /* Classes */,
				92CBB387224F459C00A46D2D /* AppDelegate.swift */,
				92CBB38B224F459D00A46D2D /* Main.storyboard */,
				92CBB391224F459E00A46D2D /* Assets.xcassets */,
				92CBB393224F459E00A46D2D /* LaunchScreen.storyboard */,
				92CBB396224F459E00A46D2D /* Info.plist */,
			);
			path = LQVideo;
			sourceTree = "<group>";
		};
		92CBB39E224F459E00A46D2D /* LQVideoTests */ = {
			isa = PBXGroup;
			children = (
				92CBB39F224F459E00A46D2D /* LQVideoTests.swift */,
				92CBB3A1224F459E00A46D2D /* Info.plist */,
			);
			path = LQVideoTests;
			sourceTree = "<group>";
		};
		92CBB3A9224F459E00A46D2D /* LQVideoUITests */ = {
			isa = PBXGroup;
			children = (
				92CBB3AA224F459E00A46D2D /* LQVideoUITests.swift */,
				92CBB3AC224F459E00A46D2D /* Info.plist */,
			);
			path = LQVideoUITests;
			sourceTree = "<group>";
		};
		92CBB3B8224F471D00A46D2D /* Classes */ = {
			isa = PBXGroup;
			children = (
				92CBB4052250A5A600A46D2D /* Live */,
				92CBB3FE2250971500A46D2D /* Tools */,
				92CBB3F7225096FD00A46D2D /* Base */,
				92CBB3BA224F473200A46D2D /* Main */,
				92CBB3BB224F473F00A46D2D /* Home */,
				92CBB3BC224F475200A46D2D /* Rank */,
				92CBB3BD224F476A00A46D2D /* Discover */,
				92CBB3BE224F477800A46D2D /* Profile */,
			);
			path = Classes;
			sourceTree = "<group>";
		};
		92CBB3BA224F473200A46D2D /* Main */ = {
			isa = PBXGroup;
			children = (
				92CBB40D2250ADB600A46D2D /* Protocol */,
				92CBB3E1225095DF00A46D2D /* Common */,
				92CBB3D62250927D00A46D2D /* PageView */,
				92CBB3CF224F58CC00A46D2D /* Controller */,
				92CBB3CD224F58AE00A46D2D /* Extension */,
			);
			path = Main;
			sourceTree = "<group>";
		};
		92CBB3BB224F473F00A46D2D /* Home */ = {
			isa = PBXGroup;
			children = (
				92CBB3E7225096AF00A46D2D /* Controller */,
				92CBB3EE225096AF00A46D2D /* Model */,
				92CBB3E8225096AF00A46D2D /* Other */,
				92CBB3EB225096AF00A46D2D /* View */,
			);
			path = Home;
			sourceTree = "<group>";
		};
		92CBB3BC224F475200A46D2D /* Rank */ = {
			isa = PBXGroup;
			children = (
				92CBB3C5224F48C100A46D2D /* Rank.storyboard */,
			);
			path = Rank;
			sourceTree = "<group>";
		};
		92CBB3BD224F476A00A46D2D /* Discover */ = {
			isa = PBXGroup;
			children = (
				92CBB3C7224F48D600A46D2D /* Discover.storyboard */,
			);
			path = Discover;
			sourceTree = "<group>";
		};
		92CBB3BE224F477800A46D2D /* Profile */ = {
			isa = PBXGroup;
			children = (
				92CBB3C9224F48EC00A46D2D /* Profile.storyboard */,
			);
			path = Profile;
			sourceTree = "<group>";
		};
		92CBB3CD224F58AE00A46D2D /* Extension */ = {
			isa = PBXGroup;
			children = (
				92CBB3D0224F58E100A46D2D /* UIColor-Extension.swift */,
				92CBB3E42250962000A46D2D /* NSDate-Extension.swift */,
			);
			path = Extension;
			sourceTree = "<group>";
		};
		92CBB3CF224F58CC00A46D2D /* Controller */ = {
			isa = PBXGroup;
			children = (
				92CBB3BF224F47A800A46D2D /* MainViewController.swift */,
				92CBB3C1224F47D700A46D2D /* LQNavigationController.swift */,
			);
			path = Controller;
			sourceTree = "<group>";
		};
		92CBB3D3225090C300A46D2D /* Resource */ = {
			isa = PBXGroup;
			children = (
				9252F609225343F0009F4CE9 /* QHNormalEmotionSort.plist */,
				9252F608225343F0009F4CE9 /* QHSohuGifSort.plist */,
				92CBB3D4225090C300A46D2D /* types.plist */,
			);
			path = Resource;
			sourceTree = "<group>";
		};
		92CBB3D62250927D00A46D2D /* PageView */ = {
			isa = PBXGroup;
			children = (
				92CBB3D9225092FA00A46D2D /* LQTitleStyle.swift */,
				92CBB3DB2250932700A46D2D /* LQTitleView.swift */,
				92CBB3DD2250944A00A46D2D /* LQContentView.swift */,
				92CBB3DF2250953800A46D2D /* LQPageView.swift */,
				9252F60C22534479009F4CE9 /* LQPageCollectionView.swift */,
				9252F60E2253449E009F4CE9 /* LQPageCollectionViewLayout.swift */,
			);
			path = PageView;
			sourceTree = "<group>";
		};
		92CBB3E1225095DF00A46D2D /* Common */ = {
			isa = PBXGroup;
			children = (
				92CBB3E2225095DF00A46D2D /* Const.swift */,
			);
			path = Common;
			sourceTree = "<group>";
		};
		92CBB3E7225096AF00A46D2D /* Controller */ = {
			isa = PBXGroup;
			children = (
				92CBB3C3224F47FD00A46D2D /* Home.storyboard */,
				92CBB3CB224F495B00A46D2D /* HomeViewController.swift */,
				92CBB40322509CC900A46D2D /* AnchorViewController.swift */,
			);
			path = Controller;
			sourceTree = "<group>";
		};
		92CBB3E8225096AF00A46D2D /* Other */ = {
			isa = PBXGroup;
			children = (
				92CBB3E9225096AF00A46D2D /* HomeViewModel.swift */,
				92CBB3EA225096AF00A46D2D /* WaterfallLayout.swift */,
			);
			path = Other;
			sourceTree = "<group>";
		};
		92CBB3EB225096AF00A46D2D /* View */ = {
			isa = PBXGroup;
			children = (
				92CBB3EC225096AF00A46D2D /* HomeViewCell.swift */,
				92CBB3ED225096AF00A46D2D /* HomeViewCell.xib */,
			);
			path = View;
			sourceTree = "<group>";
		};
		92CBB3EE225096AF00A46D2D /* Model */ = {
			isa = PBXGroup;
			children = (
				92CBB3EF225096AF00A46D2D /* HomeType.swift */,
				92CBB3F0225096AF00A46D2D /* AnchorModel.swift */,
			);
			path = Model;
			sourceTree = "<group>";
		};
		92CBB3F7225096FD00A46D2D /* Base */ = {
			isa = PBXGroup;
			children = (
				92CBB3F8225096FD00A46D2D /* ViewModel */,
				92CBB3F9225096FD00A46D2D /* Controller */,
				92CBB3FA225096FD00A46D2D /* Model */,
				92CBB3FC225096FD00A46D2D /* View */,
			);
			path = Base;
			sourceTree = "<group>";
		};
		92CBB3F8225096FD00A46D2D /* ViewModel */ = {
			isa = PBXGroup;
			children = (
			);
			path = ViewModel;
			sourceTree = "<group>";
		};
		92CBB3F9225096FD00A46D2D /* Controller */ = {
			isa = PBXGroup;
			children = (
			);
			path = Controller;
			sourceTree = "<group>";
		};
		92CBB3FA225096FD00A46D2D /* Model */ = {
			isa = PBXGroup;
			children = (
				92CBB3FB225096FD00A46D2D /* BaseModel.swift */,
			);
			path = Model;
			sourceTree = "<group>";
		};
		92CBB3FC225096FD00A46D2D /* View */ = {
			isa = PBXGroup;
			children = (
			);
			path = View;
			sourceTree = "<group>";
		};
		92CBB3FE2250971500A46D2D /* Tools */ = {
			isa = PBXGroup;
			children = (
				92CBB3FF2250973100A46D2D /* KingfisherExtension.swift */,
				92CBB401225097A000A46D2D /* NetworkTools.swift */,
			);
			path = Tools;
			sourceTree = "<group>";
		};
		92CBB4052250A5A600A46D2D /* Live */ = {
			isa = PBXGroup;
			children = (
				9252F61F22534903009F4CE9 /* ViewModel */,
				92CBB4062250A5A600A46D2D /* Controller */,
				92CBB4092250A5A600A46D2D /* Model */,
				92CBB40A2250A5A600A46D2D /* View */,
			);
			path = Live;
			sourceTree = "<group>";
		};
		92CBB4062250A5A600A46D2D /* Controller */ = {
			isa = PBXGroup;
			children = (
				92CBB4072250A5A600A46D2D /* RoomViewController.swift */,
				92CBB4082250A5A600A46D2D /* RoomViewController.xib */,
			);
			path = Controller;
			sourceTree = "<group>";
		};
		92CBB4092250A5A600A46D2D /* Model */ = {
			isa = PBXGroup;
			children = (
				9252F619225346FF009F4CE9 /* Emoticon.swift */,
				9252F61D225348CA009F4CE9 /* EmoticonPackage.swift */,
			);
			path = Model;
			sourceTree = "<group>";
		};
		92CBB40A2250A5A600A46D2D /* View */ = {
			isa = PBXGroup;
			children = (
				9252F6102253468E009F4CE9 /* ChatView */,
			);
			path = View;
			sourceTree = "<group>";
		};
		92CBB40D2250ADB600A46D2D /* Protocol */ = {
			isa = PBXGroup;
			children = (
				92CBB40F2250ADD500A46D2D /* Emitterable.swift */,
				92CBB40E2250ADD500A46D2D /* NibLoadable.swift */,
			);
			path = Protocol;
			sourceTree = "<group>";
		};
		98B7F4348AA278A1002908BF /* Pods */ = {
			isa = PBXGroup;
			children = (
				AA4CA09F8CACBB9EBF12FAD5 /* Pods-LQVideo.debug.xcconfig */,
				A6C7918183F55F57F99D097D /* Pods-LQVideo.release.xcconfig */,
				8C33C6A7883B90546B1631E6 /* Pods-LQVideoTests.debug.xcconfig */,
				0339AD5B6E212DFDAF38597E /* Pods-LQVideoTests.release.xcconfig */,
				8C9F1F1700E768A93796D910 /* Pods-LQVideoUITests.debug.xcconfig */,
				DA7D8FC7BCDF1DACC7616921 /* Pods-LQVideoUITests.release.xcconfig */,
			);
			path = Pods;
			sourceTree = "<group>";
		};
/* End PBXGroup section */

/* Begin PBXNativeTarget section */
		92CBB383224F459C00A46D2D /* LQVideo */ = {
			isa = PBXNativeTarget;
			buildConfigurationList = 92CBB3AF224F459E00A46D2D /* Build configuration list for PBXNativeTarget "LQVideo" */;
			buildPhases = (
				1EB29CEF8829C7A02500B4F7 /* [CP] Check Pods Manifest.lock */,
				92CBB380224F459C00A46D2D /* Sources */,
				92CBB381224F459C00A46D2D /* Frameworks */,
				92CBB382224F459C00A46D2D /* Resources */,
				0182B7AD9D2D379D03BBEE62 /* [CP] Embed Pods Frameworks */,
			);
			buildRules = (
			);
			dependencies = (
			);
			name = LQVideo;
			productName = LQVideo;
			productReference = 92CBB384224F459C00A46D2D /* LQVideo.app */;
			productType = "com.apple.product-type.application";
		};
		92CBB39A224F459E00A46D2D /* LQVideoTests */ = {
			isa = PBXNativeTarget;
			buildConfigurationList = 92CBB3B2224F459E00A46D2D /* Build configuration list for PBXNativeTarget "LQVideoTests" */;
			buildPhases = (
				A7180961816E12BD9352A7D7 /* [CP] Check Pods Manifest.lock */,
				92CBB397224F459E00A46D2D /* Sources */,
				92CBB398224F459E00A46D2D /* Frameworks */,
				92CBB399224F459E00A46D2D /* Resources */,
			);
			buildRules = (
			);
			dependencies = (
				92CBB39D224F459E00A46D2D /* PBXTargetDependency */,
			);
			name = LQVideoTests;
			productName = LQVideoTests;
			productReference = 92CBB39B224F459E00A46D2D /* LQVideoTests.xctest */;
			productType = "com.apple.product-type.bundle.unit-test";
		};
		92CBB3A5224F459E00A46D2D /* LQVideoUITests */ = {
			isa = PBXNativeTarget;
			buildConfigurationList = 92CBB3B5224F459E00A46D2D /* Build configuration list for PBXNativeTarget "LQVideoUITests" */;
			buildPhases = (
				92C643DF22CEEF2832774C1D /* [CP] Check Pods Manifest.lock */,
				92CBB3A2224F459E00A46D2D /* Sources */,
				92CBB3A3224F459E00A46D2D /* Frameworks */,
				92CBB3A4224F459E00A46D2D /* Resources */,
			);
			buildRules = (
			);
			dependencies = (
				92CBB3A8224F459E00A46D2D /* PBXTargetDependency */,
			);
			name = LQVideoUITests;
			productName = LQVideoUITests;
			productReference = 92CBB3A6224F459E00A46D2D /* LQVideoUITests.xctest */;
			productType = "com.apple.product-type.bundle.ui-testing";
		};
/* End PBXNativeTarget section */

/* Begin PBXProject section */
		92CBB37C224F459C00A46D2D /* Project object */ = {
			isa = PBXProject;
			attributes = {
				LastSwiftUpdateCheck = 1010;
				LastUpgradeCheck = 1010;
				ORGANIZATIONNAME = LLQ;
				TargetAttributes = {
					92CBB383224F459C00A46D2D = {
						CreatedOnToolsVersion = 10.1;
					};
					92CBB39A224F459E00A46D2D = {
						CreatedOnToolsVersion = 10.1;
						TestTargetID = 92CBB383224F459C00A46D2D;
					};
					92CBB3A5224F459E00A46D2D = {
						CreatedOnToolsVersion = 10.1;
						TestTargetID = 92CBB383224F459C00A46D2D;
					};
				};
			};
			buildConfigurationList = 92CBB37F224F459C00A46D2D /* Build configuration list for PBXProject "LQVideo" */;
			compatibilityVersion = "Xcode 9.3";
			developmentRegion = en;
			hasScannedForEncodings = 0;
			knownRegions = (
				en,
				Base,
			);
			mainGroup = 92CBB37B224F459C00A46D2D;
			productRefGroup = 92CBB385224F459C00A46D2D /* Products */;
			projectDirPath = "";
			projectRoot = "";
			targets = (
				92CBB383224F459C00A46D2D /* LQVideo */,
				92CBB39A224F459E00A46D2D /* LQVideoTests */,
				92CBB3A5224F459E00A46D2D /* LQVideoUITests */,
			);
		};
/* End PBXProject section */

/* Begin PBXResourcesBuildPhase section */
		92CBB382224F459C00A46D2D /* Resources */ = {
			isa = PBXResourcesBuildPhase;
			buildActionMask = 2147483647;
			files = (
				9252F60A225343F0009F4CE9 /* QHSohuGifSort.plist in Resources */,
				92CBB3C6224F48C100A46D2D /* Rank.storyboard in Resources */,
				92CBB395224F459E00A46D2D /* LaunchScreen.storyboard in Resources */,
				92CBB3D5225090C300A46D2D /* types.plist in Resources */,
				92CBB3F4225096AF00A46D2D /* HomeViewCell.xib in Resources */,
				9252F615225346BD009F4CE9 /* EmoticonViewCell.xib in Resources */,
				9252F617225346BD009F4CE9 /* ChatToolsView.xib in Resources */,
				92CBB392224F459E00A46D2D /* Assets.xcassets in Resources */,
				92CBB40C2250A5A600A46D2D /* RoomViewController.xib in Resources */,
				92CBB38D224F459D00A46D2D /* Main.storyboard in Resources */,
				9252F60B225343F0009F4CE9 /* QHNormalEmotionSort.plist in Resources */,
				92CBB3C4224F47FD00A46D2D /* Home.storyboard in Resources */,
				92CBB3CA224F48EC00A46D2D /* Profile.storyboard in Resources */,
				92CBB3C8224F48D600A46D2D /* Discover.storyboard in Resources */,
			);
			runOnlyForDeploymentPostprocessing = 0;
		};
		92CBB399224F459E00A46D2D /* Resources */ = {
			isa = PBXResourcesBuildPhase;
			buildActionMask = 2147483647;
			files = (
			);
			runOnlyForDeploymentPostprocessing = 0;
		};
		92CBB3A4224F459E00A46D2D /* Resources */ = {
			isa = PBXResourcesBuildPhase;
			buildActionMask = 2147483647;
			files = (
			);
			runOnlyForDeploymentPostprocessing = 0;
		};
/* End PBXResourcesBuildPhase section */

/* Begin PBXShellScriptBuildPhase section */
		0182B7AD9D2D379D03BBEE62 /* [CP] Embed Pods Frameworks */ = {
			isa = PBXShellScriptBuildPhase;
			buildActionMask = 2147483647;
			files = (
			);
			inputFileListPaths = (
			);
			inputPaths = (
				"${PODS_ROOT}/Target Support Files/Pods-LQVideo/Pods-LQVideo-frameworks.sh",
				"${BUILT_PRODUCTS_DIR}/Alamofire/Alamofire.framework",
				"${BUILT_PRODUCTS_DIR}/Kingfisher/Kingfisher.framework",
			);
			name = "[CP] Embed Pods Frameworks";
			outputFileListPaths = (
			);
			outputPaths = (
				"${TARGET_BUILD_DIR}/${FRAMEWORKS_FOLDER_PATH}/Alamofire.framework",
				"${TARGET_BUILD_DIR}/${FRAMEWORKS_FOLDER_PATH}/Kingfisher.framework",
			);
			runOnlyForDeploymentPostprocessing = 0;
			shellPath = /bin/sh;
			shellScript = "\"${PODS_ROOT}/Target Support Files/Pods-LQVideo/Pods-LQVideo-frameworks.sh\"\n";
			showEnvVarsInLog = 0;
		};
		1EB29CEF8829C7A02500B4F7 /* [CP] Check Pods Manifest.lock */ = {
			isa = PBXShellScriptBuildPhase;
			buildActionMask = 2147483647;
			files = (
			);
			inputFileListPaths = (
			);
			inputPaths = (
				"${PODS_PODFILE_DIR_PATH}/Podfile.lock",
				"${PODS_ROOT}/Manifest.lock",
			);
			name = "[CP] Check Pods Manifest.lock";
			outputFileListPaths = (
			);
			outputPaths = (
				"$(DERIVED_FILE_DIR)/Pods-LQVideo-checkManifestLockResult.txt",
			);
			runOnlyForDeploymentPostprocessing = 0;
			shellPath = /bin/sh;
			shellScript = "diff \"${PODS_PODFILE_DIR_PATH}/Podfile.lock\" \"${PODS_ROOT}/Manifest.lock\" > /dev/null\nif [ $? != 0 ] ; then\n    # print error to STDERR\n    echo \"error: The sandbox is not in sync with the Podfile.lock. Run 'pod install' or update your CocoaPods installation.\" >&2\n    exit 1\nfi\n# This output is used by Xcode 'outputs' to avoid re-running this script phase.\necho \"SUCCESS\" > \"${SCRIPT_OUTPUT_FILE_0}\"\n";
			showEnvVarsInLog = 0;
		};
		92C643DF22CEEF2832774C1D /* [CP] Check Pods Manifest.lock */ = {
			isa = PBXShellScriptBuildPhase;
			buildActionMask = 2147483647;
			files = (
			);
			inputFileListPaths = (
			);
			inputPaths = (
				"${PODS_PODFILE_DIR_PATH}/Podfile.lock",
				"${PODS_ROOT}/Manifest.lock",
			);
			name = "[CP] Check Pods Manifest.lock";
			outputFileListPaths = (
			);
			outputPaths = (
				"$(DERIVED_FILE_DIR)/Pods-LQVideoUITests-checkManifestLockResult.txt",
			);
			runOnlyForDeploymentPostprocessing = 0;
			shellPath = /bin/sh;
			shellScript = "diff \"${PODS_PODFILE_DIR_PATH}/Podfile.lock\" \"${PODS_ROOT}/Manifest.lock\" > /dev/null\nif [ $? != 0 ] ; then\n    # print error to STDERR\n    echo \"error: The sandbox is not in sync with the Podfile.lock. Run 'pod install' or update your CocoaPods installation.\" >&2\n    exit 1\nfi\n# This output is used by Xcode 'outputs' to avoid re-running this script phase.\necho \"SUCCESS\" > \"${SCRIPT_OUTPUT_FILE_0}\"\n";
			showEnvVarsInLog = 0;
		};
		A7180961816E12BD9352A7D7 /* [CP] Check Pods Manifest.lock */ = {
			isa = PBXShellScriptBuildPhase;
			buildActionMask = 2147483647;
			files = (
			);
			inputFileListPaths = (
			);
			inputPaths = (
				"${PODS_PODFILE_DIR_PATH}/Podfile.lock",
				"${PODS_ROOT}/Manifest.lock",
			);
			name = "[CP] Check Pods Manifest.lock";
			outputFileListPaths = (
			);
			outputPaths = (
				"$(DERIVED_FILE_DIR)/Pods-LQVideoTests-checkManifestLockResult.txt",
			);
			runOnlyForDeploymentPostprocessing = 0;
			shellPath = /bin/sh;
			shellScript = "diff \"${PODS_PODFILE_DIR_PATH}/Podfile.lock\" \"${PODS_ROOT}/Manifest.lock\" > /dev/null\nif [ $? != 0 ] ; then\n    # print error to STDERR\n    echo \"error: The sandbox is not in sync with the Podfile.lock. Run 'pod install' or update your CocoaPods installation.\" >&2\n    exit 1\nfi\n# This output is used by Xcode 'outputs' to avoid re-running this script phase.\necho \"SUCCESS\" > \"${SCRIPT_OUTPUT_FILE_0}\"\n";
			showEnvVarsInLog = 0;
		};
/* End PBXShellScriptBuildPhase section */

/* Begin PBXSourcesBuildPhase section */
		92CBB380224F459C00A46D2D /* Sources */ = {
			isa = PBXSourcesBuildPhase;
			buildActionMask = 2147483647;
			files = (
				92CBB3CC224F495B00A46D2D /* HomeViewController.swift in Sources */,
				92CBB3E52250962000A46D2D /* NSDate-Extension.swift in Sources */,
				9252F61E225348CA009F4CE9 /* EmoticonPackage.swift in Sources */,
				92CBB3DE2250944A00A46D2D /* LQContentView.swift in Sources */,
				9252F60F2253449E009F4CE9 /* LQPageCollectionViewLayout.swift in Sources */,
				92CBB40422509CC900A46D2D /* AnchorViewController.swift in Sources */,
				92CBB3D1224F58E100A46D2D /* UIColor-Extension.swift in Sources */,
				9252F618225346BD009F4CE9 /* ChatToolsView.swift in Sources */,
				92CBB4102250ADD500A46D2D /* NibLoadable.swift in Sources */,
				92CBB3E02250953800A46D2D /* LQPageView.swift in Sources */,
				9252F61C225347D0009F4CE9 /* EmoticonView.swift in Sources */,
				92CBB402225097A000A46D2D /* NetworkTools.swift in Sources */,
				92CBB3C2224F47D700A46D2D /* LQNavigationController.swift in Sources */,
				92CBB3DA225092FA00A46D2D /* LQTitleStyle.swift in Sources */,
				92CBB40B2250A5A600A46D2D /* RoomViewController.swift in Sources */,
				92CBB3F5225096AF00A46D2D /* HomeType.swift in Sources */,
				92CBB3F6225096AF00A46D2D /* AnchorModel.swift in Sources */,
				92CBB4002250973100A46D2D /* KingfisherExtension.swift in Sources */,
				9252F60D22534479009F4CE9 /* LQPageCollectionView.swift in Sources */,
				92CBB3F2225096AF00A46D2D /* WaterfallLayout.swift in Sources */,
				9252F62122534913009F4CE9 /* EmoticonViewModel.swift in Sources */,
				92CBB3F1225096AF00A46D2D /* HomeViewModel.swift in Sources */,
				9252F616225346BD009F4CE9 /* EmoticonViewCell.swift in Sources */,
				92CBB3FD225096FD00A46D2D /* BaseModel.swift in Sources */,
				92CBB3F3225096AF00A46D2D /* HomeViewCell.swift in Sources */,
				92CBB388224F459C00A46D2D /* AppDelegate.swift in Sources */,
				92CBB4112250ADD500A46D2D /* Emitterable.swift in Sources */,
				92CBB3C0224F47A800A46D2D /* MainViewController.swift in Sources */,
				92CBB3DC2250932700A46D2D /* LQTitleView.swift in Sources */,
				92CBB3E3225095DF00A46D2D /* Const.swift in Sources */,
				9252F61A225346FF009F4CE9 /* Emoticon.swift in Sources */,
			);
			runOnlyForDeploymentPostprocessing = 0;
		};
		92CBB397224F459E00A46D2D /* Sources */ = {
			isa = PBXSourcesBuildPhase;
			buildActionMask = 2147483647;
			files = (
				92CBB3A0224F459E00A46D2D /* LQVideoTests.swift in Sources */,
			);
			runOnlyForDeploymentPostprocessing = 0;
		};
		92CBB3A2224F459E00A46D2D /* Sources */ = {
			isa = PBXSourcesBuildPhase;
			buildActionMask = 2147483647;
			files = (
				92CBB3AB224F459E00A46D2D /* LQVideoUITests.swift in Sources */,
			);
			runOnlyForDeploymentPostprocessing = 0;
		};
/* End PBXSourcesBuildPhase section */

/* Begin PBXTargetDependency section */
		92CBB39D224F459E00A46D2D /* PBXTargetDependency */ = {
			isa = PBXTargetDependency;
			target = 92CBB383224F459C00A46D2D /* LQVideo */;
			targetProxy = 92CBB39C224F459E00A46D2D /* PBXContainerItemProxy */;
		};
		92CBB3A8224F459E00A46D2D /* PBXTargetDependency */ = {
			isa = PBXTargetDependency;
			target = 92CBB383224F459C00A46D2D /* LQVideo */;
			targetProxy = 92CBB3A7224F459E00A46D2D /* PBXContainerItemProxy */;
		};
/* End PBXTargetDependency section */

/* Begin PBXVariantGroup section */
		92CBB38B224F459D00A46D2D /* Main.storyboard */ = {
			isa = PBXVariantGroup;
			children = (
				92CBB38C224F459D00A46D2D /* Base */,
			);
			name = Main.storyboard;
			sourceTree = "<group>";
		};
		92CBB393224F459E00A46D2D /* LaunchScreen.storyboard */ = {
			isa = PBXVariantGroup;
			children = (
				92CBB394224F459E00A46D2D /* Base */,
			);
			name = LaunchScreen.storyboard;
			sourceTree = "<group>";
		};
/* End PBXVariantGroup section */

/* Begin XCBuildConfiguration section */
		92CBB3AD224F459E00A46D2D /* Debug */ = {
			isa = XCBuildConfiguration;
			buildSettings = {
				ALWAYS_SEARCH_USER_PATHS = NO;
				CLANG_ANALYZER_NONNULL = YES;
				CLANG_ANALYZER_NUMBER_OBJECT_CONVERSION = YES_AGGRESSIVE;
				CLANG_CXX_LANGUAGE_STANDARD = "gnu++14";
				CLANG_CXX_LIBRARY = "libc++";
				CLANG_ENABLE_MODULES = YES;
				CLANG_ENABLE_OBJC_ARC = YES;
				CLANG_ENABLE_OBJC_WEAK = YES;
				CLANG_WARN_BLOCK_CAPTURE_AUTORELEASING = YES;
				CLANG_WARN_BOOL_CONVERSION = YES;
				CLANG_WARN_COMMA = YES;
				CLANG_WARN_CONSTANT_CONVERSION = YES;
				CLANG_WARN_DEPRECATED_OBJC_IMPLEMENTATIONS = YES;
				CLANG_WARN_DIRECT_OBJC_ISA_USAGE = YES_ERROR;
				CLANG_WARN_DOCUMENTATION_COMMENTS = YES;
				CLANG_WARN_EMPTY_BODY = YES;
				CLANG_WARN_ENUM_CONVERSION = YES;
				CLANG_WARN_INFINITE_RECURSION = YES;
				CLANG_WARN_INT_CONVERSION = YES;
				CLANG_WARN_NON_LITERAL_NULL_CONVERSION = YES;
				CLANG_WARN_OBJC_IMPLICIT_RETAIN_SELF = YES;
				CLANG_WARN_OBJC_LITERAL_CONVERSION = YES;
				CLANG_WARN_OBJC_ROOT_CLASS = YES_ERROR;
				CLANG_WARN_RANGE_LOOP_ANALYSIS = YES;
				CLANG_WARN_STRICT_PROTOTYPES = YES;
				CLANG_WARN_SUSPICIOUS_MOVE = YES;
				CLANG_WARN_UNGUARDED_AVAILABILITY = YES_AGGRESSIVE;
				CLANG_WARN_UNREACHABLE_CODE = YES;
				CLANG_WARN__DUPLICATE_METHOD_MATCH = YES;
				CODE_SIGN_IDENTITY = "iPhone Developer";
				COPY_PHASE_STRIP = NO;
				DEBUG_INFORMATION_FORMAT = dwarf;
				ENABLE_STRICT_OBJC_MSGSEND = YES;
				ENABLE_TESTABILITY = YES;
				GCC_C_LANGUAGE_STANDARD = gnu11;
				GCC_DYNAMIC_NO_PIC = NO;
				GCC_NO_COMMON_BLOCKS = YES;
				GCC_OPTIMIZATION_LEVEL = 0;
				GCC_PREPROCESSOR_DEFINITIONS = (
					"DEBUG=1",
					"$(inherited)",
				);
				GCC_WARN_64_TO_32_BIT_CONVERSION = YES;
				GCC_WARN_ABOUT_RETURN_TYPE = YES_ERROR;
				GCC_WARN_UNDECLARED_SELECTOR = YES;
				GCC_WARN_UNINITIALIZED_AUTOS = YES_AGGRESSIVE;
				GCC_WARN_UNUSED_FUNCTION = YES;
				GCC_WARN_UNUSED_VARIABLE = YES;
				IPHONEOS_DEPLOYMENT_TARGET = 9.0;
				MTL_ENABLE_DEBUG_INFO = INCLUDE_SOURCE;
				MTL_FAST_MATH = YES;
				ONLY_ACTIVE_ARCH = YES;
				SDKROOT = iphoneos;
				SWIFT_ACTIVE_COMPILATION_CONDITIONS = DEBUG;
				SWIFT_OPTIMIZATION_LEVEL = "-Onone";
			};
			name = Debug;
		};
		92CBB3AE224F459E00A46D2D /* Release */ = {
			isa = XCBuildConfiguration;
			buildSettings = {
				ALWAYS_SEARCH_USER_PATHS = NO;
				CLANG_ANALYZER_NONNULL = YES;
				CLANG_ANALYZER_NUMBER_OBJECT_CONVERSION = YES_AGGRESSIVE;
				CLANG_CXX_LANGUAGE_STANDARD = "gnu++14";
				CLANG_CXX_LIBRARY = "libc++";
				CLANG_ENABLE_MODULES = YES;
				CLANG_ENABLE_OBJC_ARC = YES;
				CLANG_ENABLE_OBJC_WEAK = YES;
				CLANG_WARN_BLOCK_CAPTURE_AUTORELEASING = YES;
				CLANG_WARN_BOOL_CONVERSION = YES;
				CLANG_WARN_COMMA = YES;
				CLANG_WARN_CONSTANT_CONVERSION = YES;
				CLANG_WARN_DEPRECATED_OBJC_IMPLEMENTATIONS = YES;
				CLANG_WARN_DIRECT_OBJC_ISA_USAGE = YES_ERROR;
				CLANG_WARN_DOCUMENTATION_COMMENTS = YES;
				CLANG_WARN_EMPTY_BODY = YES;
				CLANG_WARN_ENUM_CONVERSION = YES;
				CLANG_WARN_INFINITE_RECURSION = YES;
				CLANG_WARN_INT_CONVERSION = YES;
				CLANG_WARN_NON_LITERAL_NULL_CONVERSION = YES;
				CLANG_WARN_OBJC_IMPLICIT_RETAIN_SELF = YES;
				CLANG_WARN_OBJC_LITERAL_CONVERSION = YES;
				CLANG_WARN_OBJC_ROOT_CLASS = YES_ERROR;
				CLANG_WARN_RANGE_LOOP_ANALYSIS = YES;
				CLANG_WARN_STRICT_PROTOTYPES = YES;
				CLANG_WARN_SUSPICIOUS_MOVE = YES;
				CLANG_WARN_UNGUARDED_AVAILABILITY = YES_AGGRESSIVE;
				CLANG_WARN_UNREACHABLE_CODE = YES;
				CLANG_WARN__DUPLICATE_METHOD_MATCH = YES;
				CODE_SIGN_IDENTITY = "iPhone Developer";
				COPY_PHASE_STRIP = NO;
				DEBUG_INFORMATION_FORMAT = "dwarf-with-dsym";
				ENABLE_NS_ASSERTIONS = NO;
				ENABLE_STRICT_OBJC_MSGSEND = YES;
				GCC_C_LANGUAGE_STANDARD = gnu11;
				GCC_NO_COMMON_BLOCKS = YES;
				GCC_WARN_64_TO_32_BIT_CONVERSION = YES;
				GCC_WARN_ABOUT_RETURN_TYPE = YES_ERROR;
				GCC_WARN_UNDECLARED_SELECTOR = YES;
				GCC_WARN_UNINITIALIZED_AUTOS = YES_AGGRESSIVE;
				GCC_WARN_UNUSED_FUNCTION = YES;
				GCC_WARN_UNUSED_VARIABLE = YES;
				IPHONEOS_DEPLOYMENT_TARGET = 9.0;
				MTL_ENABLE_DEBUG_INFO = NO;
				MTL_FAST_MATH = YES;
				SDKROOT = iphoneos;
				SWIFT_COMPILATION_MODE = wholemodule;
				SWIFT_OPTIMIZATION_LEVEL = "-O";
				VALIDATE_PRODUCT = YES;
			};
			name = Release;
		};
		92CBB3B0224F459E00A46D2D /* Debug */ = {
			isa = XCBuildConfiguration;
			baseConfigurationReference = AA4CA09F8CACBB9EBF12FAD5 /* Pods-LQVideo.debug.xcconfig */;
			buildSettings = {
				ASSETCATALOG_COMPILER_APPICON_NAME = AppIcon;
				ASSETCATALOG_COMPILER_LAUNCHIMAGE_NAME = LaunchImage;
				CODE_SIGN_STYLE = Automatic;
				INFOPLIST_FILE = LQVideo/Info.plist;
				LD_RUNPATH_SEARCH_PATHS = (
					"$(inherited)",
					"@executable_path/Frameworks",
				);
				PRODUCT_BUNDLE_IDENTIFIER = com.wb.LQVideo;
				PRODUCT_NAME = "$(TARGET_NAME)";
				SWIFT_VERSION = 4.2;
				TARGETED_DEVICE_FAMILY = "1,2";
			};
			name = Debug;
		};
		92CBB3B1224F459E00A46D2D /* Release */ = {
			isa = XCBuildConfiguration;
			baseConfigurationReference = A6C7918183F55F57F99D097D /* Pods-LQVideo.release.xcconfig */;
			buildSettings = {
				ASSETCATALOG_COMPILER_APPICON_NAME = AppIcon;
				ASSETCATALOG_COMPILER_LAUNCHIMAGE_NAME = LaunchImage;
				CODE_SIGN_STYLE = Automatic;
				INFOPLIST_FILE = LQVideo/Info.plist;
				LD_RUNPATH_SEARCH_PATHS = (
					"$(inherited)",
					"@executable_path/Frameworks",
				);
				PRODUCT_BUNDLE_IDENTIFIER = com.wb.LQVideo;
				PRODUCT_NAME = "$(TARGET_NAME)";
				SWIFT_VERSION = 4.2;
				TARGETED_DEVICE_FAMILY = "1,2";
			};
			name = Release;
		};
		92CBB3B3224F459E00A46D2D /* Debug */ = {
			isa = XCBuildConfiguration;
			baseConfigurationReference = 8C33C6A7883B90546B1631E6 /* Pods-LQVideoTests.debug.xcconfig */;
			buildSettings = {
				ALWAYS_EMBED_SWIFT_STANDARD_LIBRARIES = YES;
				BUNDLE_LOADER = "$(TEST_HOST)";
				CODE_SIGN_STYLE = Automatic;
				INFOPLIST_FILE = LQVideoTests/Info.plist;
				LD_RUNPATH_SEARCH_PATHS = (
					"$(inherited)",
					"@executable_path/Frameworks",
					"@loader_path/Frameworks",
				);
				PRODUCT_BUNDLE_IDENTIFIER = com.wb.LQVideoTests;
				PRODUCT_NAME = "$(TARGET_NAME)";
				SWIFT_VERSION = 4.2;
				TARGETED_DEVICE_FAMILY = "1,2";
				TEST_HOST = "$(BUILT_PRODUCTS_DIR)/LQVideo.app/LQVideo";
			};
			name = Debug;
		};
		92CBB3B4224F459E00A46D2D /* Release */ = {
			isa = XCBuildConfiguration;
			baseConfigurationReference = 0339AD5B6E212DFDAF38597E /* Pods-LQVideoTests.release.xcconfig */;
			buildSettings = {
				ALWAYS_EMBED_SWIFT_STANDARD_LIBRARIES = YES;
				BUNDLE_LOADER = "$(TEST_HOST)";
				CODE_SIGN_STYLE = Automatic;
				INFOPLIST_FILE = LQVideoTests/Info.plist;
				LD_RUNPATH_SEARCH_PATHS = (
					"$(inherited)",
					"@executable_path/Frameworks",
					"@loader_path/Frameworks",
				);
				PRODUCT_BUNDLE_IDENTIFIER = com.wb.LQVideoTests;
				PRODUCT_NAME = "$(TARGET_NAME)";
				SWIFT_VERSION = 4.2;
				TARGETED_DEVICE_FAMILY = "1,2";
				TEST_HOST = "$(BUILT_PRODUCTS_DIR)/LQVideo.app/LQVideo";
			};
			name = Release;
		};
		92CBB3B6224F459E00A46D2D /* Debug */ = {
			isa = XCBuildConfiguration;
			baseConfigurationReference = 8C9F1F1700E768A93796D910 /* Pods-LQVideoUITests.debug.xcconfig */;
			buildSettings = {
				ALWAYS_EMBED_SWIFT_STANDARD_LIBRARIES = YES;
				CODE_SIGN_STYLE = Automatic;
				INFOPLIST_FILE = LQVideoUITests/Info.plist;
				LD_RUNPATH_SEARCH_PATHS = (
					"$(inherited)",
					"@executable_path/Frameworks",
					"@loader_path/Frameworks",
				);
				PRODUCT_BUNDLE_IDENTIFIER = com.wb.LQVideoUITests;
				PRODUCT_NAME = "$(TARGET_NAME)";
				SWIFT_VERSION = 4.2;
				TARGETED_DEVICE_FAMILY = "1,2";
				TEST_TARGET_NAME = LQVideo;
			};
			name = Debug;
		};
		92CBB3B7224F459E00A46D2D /* Release */ = {
			isa = XCBuildConfiguration;
			baseConfigurationReference = DA7D8FC7BCDF1DACC7616921 /* Pods-LQVideoUITests.release.xcconfig */;
			buildSettings = {
				ALWAYS_EMBED_SWIFT_STANDARD_LIBRARIES = YES;
				CODE_SIGN_STYLE = Automatic;
				INFOPLIST_FILE = LQVideoUITests/Info.plist;
				LD_RUNPATH_SEARCH_PATHS = (
					"$(inherited)",
					"@executable_path/Frameworks",
					"@loader_path/Frameworks",
				);
				PRODUCT_BUNDLE_IDENTIFIER = com.wb.LQVideoUITests;
				PRODUCT_NAME = "$(TARGET_NAME)";
				SWIFT_VERSION = 4.2;
				TARGETED_DEVICE_FAMILY = "1,2";
				TEST_TARGET_NAME = LQVideo;
			};
			name = Release;
		};
/* End XCBuildConfiguration section */

/* Begin XCConfigurationList section */
		92CBB37F224F459C00A46D2D /* Build configuration list for PBXProject "LQVideo" */ = {
			isa = XCConfigurationList;
			buildConfigurations = (
				92CBB3AD224F459E00A46D2D /* Debug */,
				92CBB3AE224F459E00A46D2D /* Release */,
			);
			defaultConfigurationIsVisible = 0;
			defaultConfigurationName = Release;
		};
		92CBB3AF224F459E00A46D2D /* Build configuration list for PBXNativeTarget "LQVideo" */ = {
			isa = XCConfigurationList;
			buildConfigurations = (
				92CBB3B0224F459E00A46D2D /* Debug */,
				92CBB3B1224F459E00A46D2D /* Release */,
			);
			defaultConfigurationIsVisible = 0;
			defaultConfigurationName = Release;
		};
		92CBB3B2224F459E00A46D2D /* Build configuration list for PBXNativeTarget "LQVideoTests" */ = {
			isa = XCConfigurationList;
			buildConfigurations = (
				92CBB3B3224F459E00A46D2D /* Debug */,
				92CBB3B4224F459E00A46D2D /* Release */,
			);
			defaultConfigurationIsVisible = 0;
			defaultConfigurationName = Release;
		};
		92CBB3B5224F459E00A46D2D /* Build configuration list for PBXNativeTarget "LQVideoUITests" */ = {
			isa = XCConfigurationList;
			buildConfigurations = (
				92CBB3B6224F459E00A46D2D /* Debug */,
				92CBB3B7224F459E00A46D2D /* Release */,
			);
			defaultConfigurationIsVisible = 0;
			defaultConfigurationName = Release;
		};
/* End XCConfigurationList section */
	};
	rootObject = 92CBB37C224F459C00A46D2D /* Project object */;
}
